
Microsoft Visual Studio Solution File, Format Version 12.00
# Visual Studio Version 17
VisualStudioVersion = 17.5.002.0
MinimumVisualStudioVersion = 10.0.40219.1
Project("{9A19103F-16F7-4668-BE54-9A1E7A4F7556}") = "Receive", "Receive\Receive.csproj", "{474F49C2-9132-4FDB-9FFB-8ACD02ABACAD}"
EndProject
Project("{9A19103F-16F7-4668-BE54-9A1E7A4F7556}") = "Send", "Send\Send.csproj", "{AA3F0BAB-F0FA-4F3B-941C-9C01DB96236E}"
EndProject
Global
	GlobalSection(SolutionConfigurationPlatforms) = preSolution
		Debug|Any CPU = Debug|Any CPU
		Release|Any CPU = Release|Any CPU
	EndGlobalSection
	GlobalSection(ProjectConfigurationPlatforms) = postSolution
		{474F49C2-9132-4FDB-9FFB-8ACD02ABACAD}.Debug|Any CPU.ActiveCfg = Debug|Any CPU
		{474F49C2-9132-4FDB-9FFB-8ACD02ABACAD}.Debug|Any CPU.Build.0 = Debug|Any CPU
		{474F49C2-9132-4FDB-9FFB-8ACD02ABACAD}.Release|Any CPU.ActiveCfg = Release|Any CPU
		{474F49C2-9132-4FDB-9FFB-8ACD02ABACAD}.Release|Any CPU.Build.0 = Release|Any CPU
		{AA3F0BAB-F0FA-4F3B-941C-9C01DB96236E}.Debug|Any CPU.ActiveCfg = Debug|Any CPU
		{AA3F0BAB-F0FA-4F3B-941C-9C01DB96236E}.Debug|Any CPU.Build.0 = Debug|Any CPU
		{AA3F0BAB-F0FA-4F3B-941C-9C01DB96236E}.Release|Any CPU.ActiveCfg = Release|Any CPU
		{AA3F0BAB-F0FA-4F3B-941C-9C01DB96236E}.Release|Any CPU.Build.0 = Release|Any CPU
	EndGlobalSection
	GlobalSection(SolutionProperties) = preSolution
		HideSolutionNode = FALSE
	EndGlobalSection
	GlobalSection(ExtensibilityGlobals) = postSolution
		SolutionGuid = {09E44703-95E9-4927-9368-4A6F41B6E6AF}
	EndGlobalSection
EndGlobal
