
Microsoft Visual Studio Solution File, Format Version 12.00
# Visual Studio Version 17
VisualStudioVersion = 17.5.002.0
MinimumVisualStudioVersion = 10.0.40219.1
Project("{9A19103F-16F7-4668-BE54-9A1E7A4F7556}") = "Receive", "Receive\Receive.csproj", "{474F49C2-9132-4FDB-9FFB-8ACD02ABACAD}"
EndProject
Project("{9A19103F-16F7-4668-BE54-9A1E7A4F7556}") = "Send", "Send\Send.csproj", "{AA3F0BAB-F0FA-4F3B-941C-9C01DB96236E}"
EndProject
Project("{2150E333-8FDC-42A3-9474-1A3956D46DE8}") = "HelloWorld", "HelloWorld", "{CAAE61B2-E7FA-4BBF-9F85-4C6DE3542AC2}"
EndProject
Project("{2150E333-8FDC-42A3-9474-1A3956D46DE8}") = "WorkQueues", "WorkQueues", "{15DC7272-C87A-4D3D-BE63-620F52BD6EE2}"
EndProject
Project("{FAE04EC0-301F-11D3-BF4B-00C04F79EFBC}") = "NewTask", "NewTask\NewTask.csproj", "{3D53E00F-71A8-4F53-B3AC-D960F2257116}"
EndProject
Project("{FAE04EC0-301F-11D3-BF4B-00C04F79EFBC}") = "Worker", "Worker\Worker.csproj", "{782F059C-5DA8-4FDB-8519-D6E7410D78E9}"
EndProject
Project("{2150E333-8FDC-42A3-9474-1A3956D46DE8}") = "Publish-Subscribe", "Publish-Subscribe", "{E51EC116-A667-4E6F-8FD5-EFF568F2A950}"
EndProject
Project("{FAE04EC0-301F-11D3-BF4B-00C04F79EFBC}") = "EmitLog", "EmitLog\EmitLog.csproj", "{E5DBFFD8-5C18-4B28-8B9B-247C3DBE1DF1}"
EndProject
Project("{FAE04EC0-301F-11D3-BF4B-00C04F79EFBC}") = "ReceiveLogs", "ReceiveLogs\ReceiveLogs.csproj", "{924D02B9-6B1F-47F0-9967-FC96EEBEDB26}"
EndProject
Project("{FAE04EC0-301F-11D3-BF4B-00C04F79EFBC}") = "RabbitmqConfigs", "RabbitmqConfigs\RabbitmqConfigs.csproj", "{65BA30C2-2967-42FC-A1E5-5BD986788DD1}"
EndProject
Project("{2150E333-8FDC-42A3-9474-1A3956D46DE8}") = "Routing", "Routing", "{AE197130-8BA3-43B2-AAE6-C2C130B2EDA1}"
EndProject
Project("{FAE04EC0-301F-11D3-BF4B-00C04F79EFBC}") = "RoutingReceiveLogs", "RoutingReceiveLogs\RoutingReceiveLogs.csproj", "{5605061C-F859-4112-91AB-4377B54C2CF0}"
EndProject
Project("{FAE04EC0-301F-11D3-BF4B-00C04F79EFBC}") = "RoutingEmitLog", "RoutingEmitLog\RoutingEmitLog.csproj", "{458D24E8-59AC-4DEA-B1E6-5350BC760089}"
EndProject
Global
	GlobalSection(SolutionConfigurationPlatforms) = preSolution
		Debug|Any CPU = Debug|Any CPU
		Release|Any CPU = Release|Any CPU
	EndGlobalSection
	GlobalSection(ProjectConfigurationPlatforms) = postSolution
		{474F49C2-9132-4FDB-9FFB-8ACD02ABACAD}.Debug|Any CPU.ActiveCfg = Debug|Any CPU
		{474F49C2-9132-4FDB-9FFB-8ACD02ABACAD}.Debug|Any CPU.Build.0 = Debug|Any CPU
		{474F49C2-9132-4FDB-9FFB-8ACD02ABACAD}.Release|Any CPU.ActiveCfg = Release|Any CPU
		{474F49C2-9132-4FDB-9FFB-8ACD02ABACAD}.Release|Any CPU.Build.0 = Release|Any CPU
		{AA3F0BAB-F0FA-4F3B-941C-9C01DB96236E}.Debug|Any CPU.ActiveCfg = Debug|Any CPU
		{AA3F0BAB-F0FA-4F3B-941C-9C01DB96236E}.Debug|Any CPU.Build.0 = Debug|Any CPU
		{AA3F0BAB-F0FA-4F3B-941C-9C01DB96236E}.Release|Any CPU.ActiveCfg = Release|Any CPU
		{AA3F0BAB-F0FA-4F3B-941C-9C01DB96236E}.Release|Any CPU.Build.0 = Release|Any CPU
		{3D53E00F-71A8-4F53-B3AC-D960F2257116}.Debug|Any CPU.ActiveCfg = Debug|Any CPU
		{3D53E00F-71A8-4F53-B3AC-D960F2257116}.Debug|Any CPU.Build.0 = Debug|Any CPU
		{3D53E00F-71A8-4F53-B3AC-D960F2257116}.Release|Any CPU.ActiveCfg = Release|Any CPU
		{3D53E00F-71A8-4F53-B3AC-D960F2257116}.Release|Any CPU.Build.0 = Release|Any CPU
		{782F059C-5DA8-4FDB-8519-D6E7410D78E9}.Debug|Any CPU.ActiveCfg = Debug|Any CPU
		{782F059C-5DA8-4FDB-8519-D6E7410D78E9}.Debug|Any CPU.Build.0 = Debug|Any CPU
		{782F059C-5DA8-4FDB-8519-D6E7410D78E9}.Release|Any CPU.ActiveCfg = Release|Any CPU
		{782F059C-5DA8-4FDB-8519-D6E7410D78E9}.Release|Any CPU.Build.0 = Release|Any CPU
		{E5DBFFD8-5C18-4B28-8B9B-247C3DBE1DF1}.Debug|Any CPU.ActiveCfg = Debug|Any CPU
		{E5DBFFD8-5C18-4B28-8B9B-247C3DBE1DF1}.Debug|Any CPU.Build.0 = Debug|Any CPU
		{E5DBFFD8-5C18-4B28-8B9B-247C3DBE1DF1}.Release|Any CPU.ActiveCfg = Release|Any CPU
		{E5DBFFD8-5C18-4B28-8B9B-247C3DBE1DF1}.Release|Any CPU.Build.0 = Release|Any CPU
		{924D02B9-6B1F-47F0-9967-FC96EEBEDB26}.Debug|Any CPU.ActiveCfg = Debug|Any CPU
		{924D02B9-6B1F-47F0-9967-FC96EEBEDB26}.Debug|Any CPU.Build.0 = Debug|Any CPU
		{924D02B9-6B1F-47F0-9967-FC96EEBEDB26}.Release|Any CPU.ActiveCfg = Release|Any CPU
		{924D02B9-6B1F-47F0-9967-FC96EEBEDB26}.Release|Any CPU.Build.0 = Release|Any CPU
		{65BA30C2-2967-42FC-A1E5-5BD986788DD1}.Debug|Any CPU.ActiveCfg = Debug|Any CPU
		{65BA30C2-2967-42FC-A1E5-5BD986788DD1}.Debug|Any CPU.Build.0 = Debug|Any CPU
		{65BA30C2-2967-42FC-A1E5-5BD986788DD1}.Release|Any CPU.ActiveCfg = Release|Any CPU
		{65BA30C2-2967-42FC-A1E5-5BD986788DD1}.Release|Any CPU.Build.0 = Release|Any CPU
		{5605061C-F859-4112-91AB-4377B54C2CF0}.Debug|Any CPU.ActiveCfg = Debug|Any CPU
		{5605061C-F859-4112-91AB-4377B54C2CF0}.Debug|Any CPU.Build.0 = Debug|Any CPU
		{5605061C-F859-4112-91AB-4377B54C2CF0}.Release|Any CPU.ActiveCfg = Release|Any CPU
		{5605061C-F859-4112-91AB-4377B54C2CF0}.Release|Any CPU.Build.0 = Release|Any CPU
		{458D24E8-59AC-4DEA-B1E6-5350BC760089}.Debug|Any CPU.ActiveCfg = Debug|Any CPU
		{458D24E8-59AC-4DEA-B1E6-5350BC760089}.Debug|Any CPU.Build.0 = Debug|Any CPU
		{458D24E8-59AC-4DEA-B1E6-5350BC760089}.Release|Any CPU.ActiveCfg = Release|Any CPU
		{458D24E8-59AC-4DEA-B1E6-5350BC760089}.Release|Any CPU.Build.0 = Release|Any CPU
	EndGlobalSection
	GlobalSection(SolutionProperties) = preSolution
		HideSolutionNode = FALSE
	EndGlobalSection
	GlobalSection(ExtensibilityGlobals) = postSolution
		SolutionGuid = {09E44703-95E9-4927-9368-4A6F41B6E6AF}
	EndGlobalSection
	GlobalSection(NestedProjects) = preSolution
		{474F49C2-9132-4FDB-9FFB-8ACD02ABACAD} = {CAAE61B2-E7FA-4BBF-9F85-4C6DE3542AC2}
		{AA3F0BAB-F0FA-4F3B-941C-9C01DB96236E} = {CAAE61B2-E7FA-4BBF-9F85-4C6DE3542AC2}
		{3D53E00F-71A8-4F53-B3AC-D960F2257116} = {15DC7272-C87A-4D3D-BE63-620F52BD6EE2}
		{782F059C-5DA8-4FDB-8519-D6E7410D78E9} = {15DC7272-C87A-4D3D-BE63-620F52BD6EE2}
		{E5DBFFD8-5C18-4B28-8B9B-247C3DBE1DF1} = {E51EC116-A667-4E6F-8FD5-EFF568F2A950}
		{924D02B9-6B1F-47F0-9967-FC96EEBEDB26} = {E51EC116-A667-4E6F-8FD5-EFF568F2A950}
		{5605061C-F859-4112-91AB-4377B54C2CF0} = {AE197130-8BA3-43B2-AAE6-C2C130B2EDA1}
		{458D24E8-59AC-4DEA-B1E6-5350BC760089} = {AE197130-8BA3-43B2-AAE6-C2C130B2EDA1}
	EndGlobalSection
EndGlobal
